
Microsoft Visual Studio Solution File, Format Version 12.00
Project("{FAE04EC0-301F-11D3-BF4B-00C04F79EFBC}") = "Core", "Core\Core.csproj", "{D624D5DD-1FA8-4871-91D6-582CB6A30717}"
EndProject
Project("{FAE04EC0-301F-11D3-BF4B-00C04F79EFBC}") = "Modelos", "Modelos\Modelos.csproj", "{C3D53BA9-F429-4E4F-9438-AF65E27A9D63}"
EndProject
Project("{FAE04EC0-301F-11D3-BF4B-00C04F79EFBC}") = "Async", "Async\Async.csproj", "{6044FB79-19E0-4C72-82E0-25EFA39A15B4}"
EndProject
Global
	GlobalSection(SolutionConfigurationPlatforms) = preSolution
		Debug|Any CPU = Debug|Any CPU
		Release|Any CPU = Release|Any CPU
	EndGlobalSection
	GlobalSection(ProjectConfigurationPlatforms) = postSolution
		{D624D5DD-1FA8-4871-91D6-582CB6A30717}.Debug|Any CPU.ActiveCfg = Debug|Any CPU
		{D624D5DD-1FA8-4871-91D6-582CB6A30717}.Debug|Any CPU.Build.0 = Debug|Any CPU
		{D624D5DD-1FA8-4871-91D6-582CB6A30717}.Release|Any CPU.ActiveCfg = Release|Any CPU
		{D624D5DD-1FA8-4871-91D6-582CB6A30717}.Release|Any CPU.Build.0 = Release|Any CPU
		{C3D53BA9-F429-4E4F-9438-AF65E27A9D63}.Debug|Any CPU.ActiveCfg = Debug|Any CPU
		{C3D53BA9-F429-4E4F-9438-AF65E27A9D63}.Debug|Any CPU.Build.0 = Debug|Any CPU
		{C3D53BA9-F429-4E4F-9438-AF65E27A9D63}.Release|Any CPU.ActiveCfg = Release|Any CPU
		{C3D53BA9-F429-4E4F-9438-AF65E27A9D63}.Release|Any CPU.Build.0 = Release|Any CPU
		{6044FB79-19E0-4C72-82E0-25EFA39A15B4}.Debug|Any CPU.ActiveCfg = Debug|Any CPU
		{6044FB79-19E0-4C72-82E0-25EFA39A15B4}.Debug|Any CPU.Build.0 = Debug|Any CPU
		{6044FB79-19E0-4C72-82E0-25EFA39A15B4}.Release|Any CPU.ActiveCfg = Release|Any CPU
		{6044FB79-19E0-4C72-82E0-25EFA39A15B4}.Release|Any CPU.Build.0 = Release|Any CPU
	EndGlobalSection
EndGlobal
